
Microsoft Visual Studio Solution File, Format Version 12.00
# Visual Studio Version 16
VisualStudioVersion = 16.0.31005.135
MinimumVisualStudioVersion = 10.0.40219.1
Project("{9A19103F-16F7-4668-BE54-9A1E7A4F7556}") = "AgendaServico.Api", "AgendaServico.Api\AgendaServico.Api.csproj", "{BB46DFE8-9996-4450-95C0-DD376C8C4A4E}"
EndProject
Project("{9A19103F-16F7-4668-BE54-9A1E7A4F7556}") = "AgendaServico.Modelo", "AgendaServico.Modelo\AgendaServico.Modelo.csproj", "{97673F3F-81DC-4EEF-B4D6-28CF0FB6B243}"
EndProject
Project("{9A19103F-16F7-4668-BE54-9A1E7A4F7556}") = "AgendaServico.InfraEstrutura", "AgendaServico.InfraEstrutura\AgendaServico.InfraEstrutura.csproj", "{7BA7834E-6962-4C4E-B798-CF1B74F133B1}"
EndProject
Project("{FAE04EC0-301F-11D3-BF4B-00C04F79EFBC}") = "AgendaServico.Test", "AgendaServico.Test\AgendaServico.Test.csproj", "{8F715109-447C-4B91-B6DF-F8D0A9F0A985}"
EndProject
Global
	GlobalSection(SolutionConfigurationPlatforms) = preSolution
		Debug|Any CPU = Debug|Any CPU
		Release|Any CPU = Release|Any CPU
	EndGlobalSection
	GlobalSection(ProjectConfigurationPlatforms) = postSolution
		{BB46DFE8-9996-4450-95C0-DD376C8C4A4E}.Debug|Any CPU.ActiveCfg = Debug|Any CPU
		{BB46DFE8-9996-4450-95C0-DD376C8C4A4E}.Debug|Any CPU.Build.0 = Debug|Any CPU
		{BB46DFE8-9996-4450-95C0-DD376C8C4A4E}.Release|Any CPU.ActiveCfg = Release|Any CPU
		{BB46DFE8-9996-4450-95C0-DD376C8C4A4E}.Release|Any CPU.Build.0 = Release|Any CPU
		{97673F3F-81DC-4EEF-B4D6-28CF0FB6B243}.Debug|Any CPU.ActiveCfg = Debug|Any CPU
		{97673F3F-81DC-4EEF-B4D6-28CF0FB6B243}.Debug|Any CPU.Build.0 = Debug|Any CPU
		{97673F3F-81DC-4EEF-B4D6-28CF0FB6B243}.Release|Any CPU.ActiveCfg = Release|Any CPU
		{97673F3F-81DC-4EEF-B4D6-28CF0FB6B243}.Release|Any CPU.Build.0 = Release|Any CPU
		{7BA7834E-6962-4C4E-B798-CF1B74F133B1}.Debug|Any CPU.ActiveCfg = Debug|Any CPU
		{7BA7834E-6962-4C4E-B798-CF1B74F133B1}.Debug|Any CPU.Build.0 = Debug|Any CPU
		{7BA7834E-6962-4C4E-B798-CF1B74F133B1}.Release|Any CPU.ActiveCfg = Release|Any CPU
		{7BA7834E-6962-4C4E-B798-CF1B74F133B1}.Release|Any CPU.Build.0 = Release|Any CPU
		{8F715109-447C-4B91-B6DF-F8D0A9F0A985}.Debug|Any CPU.ActiveCfg = Debug|Any CPU
		{8F715109-447C-4B91-B6DF-F8D0A9F0A985}.Debug|Any CPU.Build.0 = Debug|Any CPU
		{8F715109-447C-4B91-B6DF-F8D0A9F0A985}.Release|Any CPU.ActiveCfg = Release|Any CPU
		{8F715109-447C-4B91-B6DF-F8D0A9F0A985}.Release|Any CPU.Build.0 = Release|Any CPU
	EndGlobalSection
	GlobalSection(SolutionProperties) = preSolution
		HideSolutionNode = FALSE
	EndGlobalSection
	GlobalSection(ExtensibilityGlobals) = postSolution
		SolutionGuid = {E9109E20-C0DB-4729-8DC1-758ABC4CB5BC}
	EndGlobalSection
EndGlobal
